
Microsoft Visual Studio Solution File, Format Version 12.00
# Visual Studio Version 17
VisualStudioVersion = 17.7.34003.232
MinimumVisualStudioVersion = 10.0.40219.1
Project("{8BC9CEB8-8B4A-11D0-8D11-00A0C91BC942}") = "Trails", "Trails\Trails.vcxproj", "{C442492E-E99B-43C7-B8F5-5A053865A1C5}"
EndProject
Global
	GlobalSection(SolutionConfigurationPlatforms) = preSolution
		Debug|x64 = Debug|x64
		Debug|x86 = Debug|x86
		Release|x64 = Release|x64
		Release|x86 = Release|x86
	EndGlobalSection
	GlobalSection(ProjectConfigurationPlatforms) = postSolution
		{C442492E-E99B-43C7-B8F5-5A053865A1C5}.Debug|x64.ActiveCfg = Debug|x64
		{C442492E-E99B-43C7-B8F5-5A053865A1C5}.Debug|x64.Build.0 = Debug|x64
		{C442492E-E99B-43C7-B8F5-5A053865A1C5}.Debug|x86.ActiveCfg = Debug|Win32
		{C442492E-E99B-43C7-B8F5-5A053865A1C5}.Debug|x86.Build.0 = Debug|Win32
		{C442492E-E99B-43C7-B8F5-5A053865A1C5}.Release|x64.ActiveCfg = Release|x64
		{C442492E-E99B-43C7-B8F5-5A053865A1C5}.Release|x64.Build.0 = Release|x64
		{C442492E-E99B-43C7-B8F5-5A053865A1C5}.Release|x86.ActiveCfg = Release|Win32
		{C442492E-E99B-43C7-B8F5-5A053865A1C5}.Release|x86.Build.0 = Release|Win32
	EndGlobalSection
	GlobalSection(SolutionProperties) = preSolution
		HideSolutionNode = FALSE
	EndGlobalSection
	GlobalSection(ExtensibilityGlobals) = postSolution
		SolutionGuid = {A8D6F6B5-8F1C-4722-AD4C-DE1DB5C028C5}
	EndGlobalSection
EndGlobal
